
Microsoft Visual Studio Solution File, Format Version 12.00
# Visual Studio Version 16
VisualStudioVersion = 16.0.29519.87
MinimumVisualStudioVersion = 10.0.40219.1
Project("{FAE04EC0-301F-11D3-BF4B-00C04F79EFBC}") = "BaseLessConv2", "BaseLessConv2\BaseLessConv2.csproj", "{EE0205CC-1514-44C3-B0BA-569F888F289E}"
EndProject
Global
	GlobalSection(SolutionConfigurationPlatforms) = preSolution
		Debug|Any CPU = Debug|Any CPU
		Release|Any CPU = Release|Any CPU
	EndGlobalSection
	GlobalSection(ProjectConfigurationPlatforms) = postSolution
		{EE0205CC-1514-44C3-B0BA-569F888F289E}.Debug|Any CPU.ActiveCfg = Debug|Any CPU
		{EE0205CC-1514-44C3-B0BA-569F888F289E}.Debug|Any CPU.Build.0 = Debug|Any CPU
		{EE0205CC-1514-44C3-B0BA-569F888F289E}.Release|Any CPU.ActiveCfg = Release|Any CPU
		{EE0205CC-1514-44C3-B0BA-569F888F289E}.Release|Any CPU.Build.0 = Release|Any CPU
	EndGlobalSection
	GlobalSection(SolutionProperties) = preSolution
		HideSolutionNode = FALSE
	EndGlobalSection
	GlobalSection(ExtensibilityGlobals) = postSolution
		SolutionGuid = {0BBD3847-538D-488C-9929-6DAFE6DC4145}
	EndGlobalSection
EndGlobal
